// !$*UTF8*$!
{
	archiveVersion = 1;
	classes = {
	};
	objectVersion = 46;
	objects = {

/* Begin PBXBuildFile section */
		360990D319F1A736004BC4AF /* AppDelegate.swift in Sources */ = {isa = PBXBuildFile; fileRef = 360990D219F1A736004BC4AF /* AppDelegate.swift */; };
		360990D519F1A736004BC4AF /* DownloadsViewController.swift in Sources */ = {isa = PBXBuildFile; fileRef = 360990D419F1A736004BC4AF /* DownloadsViewController.swift */; };
		360990D819F1A736004BC4AF /* Main.storyboard in Resources */ = {isa = PBXBuildFile; fileRef = 360990D619F1A736004BC4AF /* Main.storyboard */; };
		360990DA19F1A736004BC4AF /* Images.xcassets in Resources */ = {isa = PBXBuildFile; fileRef = 360990D919F1A736004BC4AF /* Images.xcassets */; };
		360990DD19F1A736004BC4AF /* LaunchScreen.xib in Resources */ = {isa = PBXBuildFile; fileRef = 360990DB19F1A736004BC4AF /* LaunchScreen.xib */; };
		360990E919F1A736004BC4AF /* HypestreamTests.swift in Sources */ = {isa = PBXBuildFile; fileRef = 360990E819F1A736004BC4AF /* HypestreamTests.swift */; };
		3651ED9519F43B9C00F94C28 /* json.swift in Sources */ = {isa = PBXBuildFile; fileRef = 3651ED9419F43B9C00F94C28 /* json.swift */; };
		36644DCC1A020390009FA2BB /* Hypestream.xcdatamodeld in Sources */ = {isa = PBXBuildFile; fileRef = 36644DCA1A020390009FA2BB /* Hypestream.xcdatamodeld */; };
		36644DD31A020A4A009FA2BB /* Track.swift in Sources */ = {isa = PBXBuildFile; fileRef = 36644DD21A020A4A009FA2BB /* Track.swift */; };
		3690F5EC19F9B24B009CF5F7 /* HypeTrackCell.xib in Resources */ = {isa = PBXBuildFile; fileRef = 3690F5EB19F9B24B009CF5F7 /* HypeTrackCell.xib */; };
		3690F5EE19F9B2D7009CF5F7 /* HypeTrackCell.swift in Sources */ = {isa = PBXBuildFile; fileRef = 3690F5ED19F9B2D7009CF5F7 /* HypeTrackCell.swift */; };
		3690F66019FA1181009CF5F7 /* M13ProgressConsole.m in Sources */ = {isa = PBXBuildFile; fileRef = 3690F63A19FA1181009CF5F7 /* M13ProgressConsole.m */; };
		3690F66119FA1181009CF5F7 /* M13ProgressHUD.m in Sources */ = {isa = PBXBuildFile; fileRef = 3690F63D19FA1181009CF5F7 /* M13ProgressHUD.m */; };
		3690F66219FA1181009CF5F7 /* UIImage+ImageEffects.m in Sources */ = {isa = PBXBuildFile; fileRef = 3690F63F19FA1181009CF5F7 /* UIImage+ImageEffects.m */; };
		3690F66319FA1181009CF5F7 /* UINavigationController+M13ProgressViewBar.m in Sources */ = {isa = PBXBuildFile; fileRef = 3690F64219FA1181009CF5F7 /* UINavigationController+M13ProgressViewBar.m */; };
		3690F66419FA1181009CF5F7 /* M13ProgressView.m in Sources */ = {isa = PBXBuildFile; fileRef = 3690F64519FA1181009CF5F7 /* M13ProgressView.m */; };
		3690F66519FA1181009CF5F7 /* M13ProgressViewBar.m in Sources */ = {isa = PBXBuildFile; fileRef = 3690F64719FA1181009CF5F7 /* M13ProgressViewBar.m */; };
		3690F66619FA1181009CF5F7 /* M13ProgressViewBorderedBar.m in Sources */ = {isa = PBXBuildFile; fileRef = 3690F64919FA1181009CF5F7 /* M13ProgressViewBorderedBar.m */; };
		3690F66719FA1181009CF5F7 /* M13ProgressViewFilteredImage.m in Sources */ = {isa = PBXBuildFile; fileRef = 3690F64B19FA1181009CF5F7 /* M13ProgressViewFilteredImage.m */; };
		3690F66819FA1181009CF5F7 /* M13ProgressViewImage.m in Sources */ = {isa = PBXBuildFile; fileRef = 3690F64D19FA1181009CF5F7 /* M13ProgressViewImage.m */; };
		3690F66919FA1181009CF5F7 /* M13ProgressViewLetterpress.m in Sources */ = {isa = PBXBuildFile; fileRef = 3690F64F19FA1181009CF5F7 /* M13ProgressViewLetterpress.m */; };
		3690F66A19FA1181009CF5F7 /* M13ProgressViewMetro.m in Sources */ = {isa = PBXBuildFile; fileRef = 3690F65119FA1181009CF5F7 /* M13ProgressViewMetro.m */; };
		3690F66B19FA1181009CF5F7 /* M13ProgressViewMetroDotPolygon.m in Sources */ = {isa = PBXBuildFile; fileRef = 3690F65319FA1181009CF5F7 /* M13ProgressViewMetroDotPolygon.m */; };
		3690F66C19FA1181009CF5F7 /* M13ProgressViewPie.m in Sources */ = {isa = PBXBuildFile; fileRef = 3690F65519FA1181009CF5F7 /* M13ProgressViewPie.m */; };
		3690F66D19FA1181009CF5F7 /* M13ProgressViewRadiative.m in Sources */ = {isa = PBXBuildFile; fileRef = 3690F65719FA1181009CF5F7 /* M13ProgressViewRadiative.m */; };
		3690F66E19FA1181009CF5F7 /* M13ProgressViewRing.m in Sources */ = {isa = PBXBuildFile; fileRef = 3690F65919FA1181009CF5F7 /* M13ProgressViewRing.m */; };
		3690F66F19FA1181009CF5F7 /* M13ProgressViewSegmentedBar.m in Sources */ = {isa = PBXBuildFile; fileRef = 3690F65B19FA1181009CF5F7 /* M13ProgressViewSegmentedBar.m */; };
		3690F67019FA1181009CF5F7 /* M13ProgressViewSegmentedRing.m in Sources */ = {isa = PBXBuildFile; fileRef = 3690F65D19FA1181009CF5F7 /* M13ProgressViewSegmentedRing.m */; };
		3690F67119FA1181009CF5F7 /* M13ProgressViewStripedBar.m in Sources */ = {isa = PBXBuildFile; fileRef = 3690F65F19FA1181009CF5F7 /* M13ProgressViewStripedBar.m */; };
		36D96B3119F6AE5700E2BB92 /* Scraper.swift in Sources */ = {isa = PBXBuildFile; fileRef = 36D96B3019F6AE5700E2BB92 /* Scraper.swift */; };
		36D96B3319F6B40200E2BB92 /* Helper.swift in Sources */ = {isa = PBXBuildFile; fileRef = 36D96B3219F6B40200E2BB92 /* Helper.swift */; };
/* End PBXBuildFile section */

/* Begin PBXContainerItemProxy section */
		360990E319F1A736004BC4AF /* PBXContainerItemProxy */ = {
			isa = PBXContainerItemProxy;
			containerPortal = 360990C519F1A736004BC4AF /* Project object */;
			proxyType = 1;
			remoteGlobalIDString = 360990CC19F1A736004BC4AF;
			remoteInfo = Hypestream;
		};
/* End PBXContainerItemProxy section */

/* Begin PBXCopyFilesBuildPhase section */
		3695C3D119F78EC700CB981F /* Copy Frameworks */ = {
			isa = PBXCopyFilesBuildPhase;
			buildActionMask = 2147483647;
			dstPath = "";
			dstSubfolderSpec = 10;
			files = (
			);
			name = "Copy Frameworks";
			runOnlyForDeploymentPostprocessing = 0;
		};
/* End PBXCopyFilesBuildPhase section */

/* Begin PBXFileReference section */
		360990CD19F1A736004BC4AF /* Hypestream.app */ = {isa = PBXFileReference; explicitFileType = wrapper.application; includeInIndex = 0; path = Hypestream.app; sourceTree = BUILT_PRODUCTS_DIR; };
		360990D119F1A736004BC4AF /* Info.plist */ = {isa = PBXFileReference; lastKnownFileType = text.plist.xml; path = Info.plist; sourceTree = "<group>"; };
		360990D219F1A736004BC4AF /* AppDelegate.swift */ = {isa = PBXFileReference; lastKnownFileType = sourcecode.swift; path = AppDelegate.swift; sourceTree = "<group>"; };
		360990D419F1A736004BC4AF /* DownloadsViewController.swift */ = {isa = PBXFileReference; lastKnownFileType = sourcecode.swift; path = DownloadsViewController.swift; sourceTree = "<group>"; };
		360990D719F1A736004BC4AF /* Base */ = {isa = PBXFileReference; lastKnownFileType = file.storyboard; name = Base; path = Base.lproj/Main.storyboard; sourceTree = "<group>"; };
		360990D919F1A736004BC4AF /* Images.xcassets */ = {isa = PBXFileReference; lastKnownFileType = folder.assetcatalog; path = Images.xcassets; sourceTree = "<group>"; };
		360990DC19F1A736004BC4AF /* Base */ = {isa = PBXFileReference; lastKnownFileType = file.xib; name = Base; path = Base.lproj/LaunchScreen.xib; sourceTree = "<group>"; };
		360990E219F1A736004BC4AF /* HypestreamTests.xctest */ = {isa = PBXFileReference; explicitFileType = wrapper.cfbundle; includeInIndex = 0; path = HypestreamTests.xctest; sourceTree = BUILT_PRODUCTS_DIR; };
		360990E719F1A736004BC4AF /* Info.plist */ = {isa = PBXFileReference; lastKnownFileType = text.plist.xml; path = Info.plist; sourceTree = "<group>"; };
		360990E819F1A736004BC4AF /* HypestreamTests.swift */ = {isa = PBXFileReference; lastKnownFileType = sourcecode.swift; path = HypestreamTests.swift; sourceTree = "<group>"; };
		3651ED9419F43B9C00F94C28 /* json.swift */ = {isa = PBXFileReference; fileEncoding = 4; lastKnownFileType = sourcecode.swift; path = json.swift; sourceTree = "<group>"; };
		36644DCB1A020390009FA2BB /* Hypestream.xcdatamodel */ = {isa = PBXFileReference; lastKnownFileType = wrapper.xcdatamodel; path = Hypestream.xcdatamodel; sourceTree = "<group>"; };
		36644DD21A020A4A009FA2BB /* Track.swift */ = {isa = PBXFileReference; fileEncoding = 4; lastKnownFileType = sourcecode.swift; path = Track.swift; sourceTree = "<group>"; };
		3690F5EB19F9B24B009CF5F7 /* HypeTrackCell.xib */ = {isa = PBXFileReference; fileEncoding = 4; lastKnownFileType = file.xib; path = HypeTrackCell.xib; sourceTree = "<group>"; };
		3690F5ED19F9B2D7009CF5F7 /* HypeTrackCell.swift */ = {isa = PBXFileReference; fileEncoding = 4; lastKnownFileType = sourcecode.swift; path = HypeTrackCell.swift; sourceTree = "<group>"; };
		3690F63919FA1181009CF5F7 /* M13ProgressConsole.h */ = {isa = PBXFileReference; fileEncoding = 4; lastKnownFileType = sourcecode.c.h; path = M13ProgressConsole.h; sourceTree = "<group>"; };
		3690F63A19FA1181009CF5F7 /* M13ProgressConsole.m */ = {isa = PBXFileReference; fileEncoding = 4; lastKnownFileType = sourcecode.c.objc; path = M13ProgressConsole.m; sourceTree = "<group>"; };
		3690F63C19FA1181009CF5F7 /* M13ProgressHUD.h */ = {isa = PBXFileReference; fileEncoding = 4; lastKnownFileType = sourcecode.c.h; path = M13ProgressHUD.h; sourceTree = "<group>"; };
		3690F63D19FA1181009CF5F7 /* M13ProgressHUD.m */ = {isa = PBXFileReference; fileEncoding = 4; lastKnownFileType = sourcecode.c.objc; path = M13ProgressHUD.m; sourceTree = "<group>"; };
		3690F63E19FA1181009CF5F7 /* UIImage+ImageEffects.h */ = {isa = PBXFileReference; fileEncoding = 4; lastKnownFileType = sourcecode.c.h; path = "UIImage+ImageEffects.h"; sourceTree = "<group>"; };
		3690F63F19FA1181009CF5F7 /* UIImage+ImageEffects.m */ = {isa = PBXFileReference; fileEncoding = 4; lastKnownFileType = sourcecode.c.objc; path = "UIImage+ImageEffects.m"; sourceTree = "<group>"; };
		3690F64119FA1181009CF5F7 /* UINavigationController+M13ProgressViewBar.h */ = {isa = PBXFileReference; fileEncoding = 4; lastKnownFileType = sourcecode.c.h; path = "UINavigationController+M13ProgressViewBar.h"; sourceTree = "<group>"; };
		3690F64219FA1181009CF5F7 /* UINavigationController+M13ProgressViewBar.m */ = {isa = PBXFileReference; fileEncoding = 4; lastKnownFileType = sourcecode.c.objc; path = "UINavigationController+M13ProgressViewBar.m"; sourceTree = "<group>"; };
		3690F64419FA1181009CF5F7 /* M13ProgressView.h */ = {isa = PBXFileReference; fileEncoding = 4; lastKnownFileType = sourcecode.c.h; path = M13ProgressView.h; sourceTree = "<group>"; };
		3690F64519FA1181009CF5F7 /* M13ProgressView.m */ = {isa = PBXFileReference; fileEncoding = 4; lastKnownFileType = sourcecode.c.objc; path = M13ProgressView.m; sourceTree = "<group>"; };
		3690F64619FA1181009CF5F7 /* M13ProgressViewBar.h */ = {isa = PBXFileReference; fileEncoding = 4; lastKnownFileType = sourcecode.c.h; path = M13ProgressViewBar.h; sourceTree = "<group>"; };
		3690F64719FA1181009CF5F7 /* M13ProgressViewBar.m */ = {isa = PBXFileReference; fileEncoding = 4; lastKnownFileType = sourcecode.c.objc; path = M13ProgressViewBar.m; sourceTree = "<group>"; };
		3690F64819FA1181009CF5F7 /* M13ProgressViewBorderedBar.h */ = {isa = PBXFileReference; fileEncoding = 4; lastKnownFileType = sourcecode.c.h; path = M13ProgressViewBorderedBar.h; sourceTree = "<group>"; };
		3690F64919FA1181009CF5F7 /* M13ProgressViewBorderedBar.m */ = {isa = PBXFileReference; fileEncoding = 4; lastKnownFileType = sourcecode.c.objc; path = M13ProgressViewBorderedBar.m; sourceTree = "<group>"; };
		3690F64A19FA1181009CF5F7 /* M13ProgressViewFilteredImage.h */ = {isa = PBXFileReference; fileEncoding = 4; lastKnownFileType = sourcecode.c.h; path = M13ProgressViewFilteredImage.h; sourceTree = "<group>"; };
		3690F64B19FA1181009CF5F7 /* M13ProgressViewFilteredImage.m */ = {isa = PBXFileReference; fileEncoding = 4; lastKnownFileType = sourcecode.c.objc; path = M13ProgressViewFilteredImage.m; sourceTree = "<group>"; };
		3690F64C19FA1181009CF5F7 /* M13ProgressViewImage.h */ = {isa = PBXFileReference; fileEncoding = 4; lastKnownFileType = sourcecode.c.h; path = M13ProgressViewImage.h; sourceTree = "<group>"; };
		3690F64D19FA1181009CF5F7 /* M13ProgressViewImage.m */ = {isa = PBXFileReference; fileEncoding = 4; lastKnownFileType = sourcecode.c.objc; path = M13ProgressViewImage.m; sourceTree = "<group>"; };
		3690F64E19FA1181009CF5F7 /* M13ProgressViewLetterpress.h */ = {isa = PBXFileReference; fileEncoding = 4; lastKnownFileType = sourcecode.c.h; path = M13ProgressViewLetterpress.h; sourceTree = "<group>"; };
		3690F64F19FA1181009CF5F7 /* M13ProgressViewLetterpress.m */ = {isa = PBXFileReference; fileEncoding = 4; lastKnownFileType = sourcecode.c.objc; path = M13ProgressViewLetterpress.m; sourceTree = "<group>"; };
		3690F65019FA1181009CF5F7 /* M13ProgressViewMetro.h */ = {isa = PBXFileReference; fileEncoding = 4; lastKnownFileType = sourcecode.c.h; path = M13ProgressViewMetro.h; sourceTree = "<group>"; };
		3690F65119FA1181009CF5F7 /* M13ProgressViewMetro.m */ = {isa = PBXFileReference; fileEncoding = 4; lastKnownFileType = sourcecode.c.objc; path = M13ProgressViewMetro.m; sourceTree = "<group>"; };
		3690F65219FA1181009CF5F7 /* M13ProgressViewMetroDotPolygon.h */ = {isa = PBXFileReference; fileEncoding = 4; lastKnownFileType = sourcecode.c.h; path = M13ProgressViewMetroDotPolygon.h; sourceTree = "<group>"; };
		3690F65319FA1181009CF5F7 /* M13ProgressViewMetroDotPolygon.m */ = {isa = PBXFileReference; fileEncoding = 4; lastKnownFileType = sourcecode.c.objc; path = M13ProgressViewMetroDotPolygon.m; sourceTree = "<group>"; };
		3690F65419FA1181009CF5F7 /* M13ProgressViewPie.h */ = {isa = PBXFileReference; fileEncoding = 4; lastKnownFileType = sourcecode.c.h; path = M13ProgressViewPie.h; sourceTree = "<group>"; };
		3690F65519FA1181009CF5F7 /* M13ProgressViewPie.m */ = {isa = PBXFileReference; fileEncoding = 4; lastKnownFileType = sourcecode.c.objc; path = M13ProgressViewPie.m; sourceTree = "<group>"; };
		3690F65619FA1181009CF5F7 /* M13ProgressViewRadiative.h */ = {isa = PBXFileReference; fileEncoding = 4; lastKnownFileType = sourcecode.c.h; path = M13ProgressViewRadiative.h; sourceTree = "<group>"; };
		3690F65719FA1181009CF5F7 /* M13ProgressViewRadiative.m */ = {isa = PBXFileReference; fileEncoding = 4; lastKnownFileType = sourcecode.c.objc; path = M13ProgressViewRadiative.m; sourceTree = "<group>"; };
		3690F65819FA1181009CF5F7 /* M13ProgressViewRing.h */ = {isa = PBXFileReference; fileEncoding = 4; lastKnownFileType = sourcecode.c.h; path = M13ProgressViewRing.h; sourceTree = "<group>"; };
		3690F65919FA1181009CF5F7 /* M13ProgressViewRing.m */ = {isa = PBXFileReference; fileEncoding = 4; lastKnownFileType = sourcecode.c.objc; path = M13ProgressViewRing.m; sourceTree = "<group>"; };
		3690F65A19FA1181009CF5F7 /* M13ProgressViewSegmentedBar.h */ = {isa = PBXFileReference; fileEncoding = 4; lastKnownFileType = sourcecode.c.h; path = M13ProgressViewSegmentedBar.h; sourceTree = "<group>"; };
		3690F65B19FA1181009CF5F7 /* M13ProgressViewSegmentedBar.m */ = {isa = PBXFileReference; fileEncoding = 4; lastKnownFileType = sourcecode.c.objc; path = M13ProgressViewSegmentedBar.m; sourceTree = "<group>"; };
		3690F65C19FA1181009CF5F7 /* M13ProgressViewSegmentedRing.h */ = {isa = PBXFileReference; fileEncoding = 4; lastKnownFileType = sourcecode.c.h; path = M13ProgressViewSegmentedRing.h; sourceTree = "<group>"; };
		3690F65D19FA1181009CF5F7 /* M13ProgressViewSegmentedRing.m */ = {isa = PBXFileReference; fileEncoding = 4; lastKnownFileType = sourcecode.c.objc; path = M13ProgressViewSegmentedRing.m; sourceTree = "<group>"; };
		3690F65E19FA1181009CF5F7 /* M13ProgressViewStripedBar.h */ = {isa = PBXFileReference; fileEncoding = 4; lastKnownFileType = sourcecode.c.h; path = M13ProgressViewStripedBar.h; sourceTree = "<group>"; };
		3690F65F19FA1181009CF5F7 /* M13ProgressViewStripedBar.m */ = {isa = PBXFileReference; fileEncoding = 4; lastKnownFileType = sourcecode.c.objc; path = M13ProgressViewStripedBar.m; sourceTree = "<group>"; };
		3690F67319FA11ED009CF5F7 /* Hypestream-Bridging-Header.h */ = {isa = PBXFileReference; lastKnownFileType = sourcecode.c.h; path = "Hypestream-Bridging-Header.h"; sourceTree = "<group>"; };
		36D96B3019F6AE5700E2BB92 /* Scraper.swift */ = {isa = PBXFileReference; fileEncoding = 4; lastKnownFileType = sourcecode.swift; name = Scraper.swift; path = Models/Scraper.swift; sourceTree = "<group>"; };
		36D96B3219F6B40200E2BB92 /* Helper.swift */ = {isa = PBXFileReference; fileEncoding = 4; lastKnownFileType = sourcecode.swift; name = Helper.swift; path = Models/Helper.swift; sourceTree = "<group>"; };
/* End PBXFileReference section */

/* Begin PBXFrameworksBuildPhase section */
		360990CA19F1A736004BC4AF /* Frameworks */ = {
			isa = PBXFrameworksBuildPhase;
			buildActionMask = 2147483647;
			files = (
			);
			runOnlyForDeploymentPostprocessing = 0;
		};
		360990DF19F1A736004BC4AF /* Frameworks */ = {
			isa = PBXFrameworksBuildPhase;
			buildActionMask = 2147483647;
			files = (
			);
			runOnlyForDeploymentPostprocessing = 0;
		};
/* End PBXFrameworksBuildPhase section */

/* Begin PBXGroup section */
		360990C419F1A736004BC4AF = {
			isa = PBXGroup;
			children = (
				360990CF19F1A736004BC4AF /* Hypestream */,
				360990E519F1A736004BC4AF /* HypestreamTests */,
				360990CE19F1A736004BC4AF /* Products */,
			);
			sourceTree = "<group>";
		};
		360990CE19F1A736004BC4AF /* Products */ = {
			isa = PBXGroup;
			children = (
				360990CD19F1A736004BC4AF /* Hypestream.app */,
				360990E219F1A736004BC4AF /* HypestreamTests.xctest */,
			);
			name = Products;
			sourceTree = "<group>";
		};
		360990CF19F1A736004BC4AF /* Hypestream */ = {
			isa = PBXGroup;
			children = (
				3609914C19F1AAB1004BC4AF /* App Delegate */,
				36644DD11A0207D0009FA2BB /* Functions */,
				3609914B19F1AAAF004BC4AF /* Models */,
				3609914A19F1AAA9004BC4AF /* Views */,
				3609914919F1AAA1004BC4AF /* Controllers */,
				360990D919F1A736004BC4AF /* Images.xcassets */,
				3651ED9319F43B8F00F94C28 /* Vendor */,
				360990D019F1A736004BC4AF /* Supporting Files */,
			);
			path = Hypestream;
			sourceTree = "<group>";
		};
		360990D019F1A736004BC4AF /* Supporting Files */ = {
			isa = PBXGroup;
			children = (
				360990D119F1A736004BC4AF /* Info.plist */,
				3690F67319FA11ED009CF5F7 /* Hypestream-Bridging-Header.h */,
			);
			path = "Supporting Files";
			sourceTree = "<group>";
		};
		360990E519F1A736004BC4AF /* HypestreamTests */ = {
			isa = PBXGroup;
			children = (
				360990E819F1A736004BC4AF /* HypestreamTests.swift */,
				360990E619F1A736004BC4AF /* Supporting Files */,
			);
			path = HypestreamTests;
			sourceTree = "<group>";
		};
		360990E619F1A736004BC4AF /* Supporting Files */ = {
			isa = PBXGroup;
			children = (
				360990E719F1A736004BC4AF /* Info.plist */,
			);
			path = "Supporting Files";
			sourceTree = "<group>";
		};
		3609914919F1AAA1004BC4AF /* Controllers */ = {
			isa = PBXGroup;
			children = (
				360990D419F1A736004BC4AF /* DownloadsViewController.swift */,
				3690F5ED19F9B2D7009CF5F7 /* HypeTrackCell.swift */,
			);
			path = Controllers;
			sourceTree = "<group>";
		};
		3609914A19F1AAA9004BC4AF /* Views */ = {
			isa = PBXGroup;
			children = (
				360990DB19F1A736004BC4AF /* LaunchScreen.xib */,
				360990D619F1A736004BC4AF /* Main.storyboard */,
				3690F5EB19F9B24B009CF5F7 /* HypeTrackCell.xib */,
			);
			path = Views;
			sourceTree = "<group>";
		};
		3609914B19F1AAAF004BC4AF /* Models */ = {
			isa = PBXGroup;
			children = (
				36644DCA1A020390009FA2BB /* Hypestream.xcdatamodeld */,
				36644DD21A020A4A009FA2BB /* Track.swift */,
			);
			path = Models;
			sourceTree = "<group>";
		};
		3609914C19F1AAB1004BC4AF /* App Delegate */ = {
			isa = PBXGroup;
			children = (
				360990D219F1A736004BC4AF /* AppDelegate.swift */,
			);
			path = "App Delegate";
			sourceTree = "<group>";
		};
		3651ED9319F43B8F00F94C28 /* Vendor */ = {
			isa = PBXGroup;
			children = (
				3690F63719FA1181009CF5F7 /* M13ProgressSuite */,
				3651ED9419F43B9C00F94C28 /* json.swift */,
			);
			path = Vendor;
			sourceTree = "<group>";
		};
		36644DD11A0207D0009FA2BB /* Functions */ = {
			isa = PBXGroup;
			children = (
				36D96B3019F6AE5700E2BB92 /* Scraper.swift */,
				36D96B3219F6B40200E2BB92 /* Helper.swift */,
			);
			name = Functions;
			sourceTree = "<group>";
		};
		3690F63719FA1181009CF5F7 /* M13ProgressSuite */ = {
			isa = PBXGroup;
			children = (
				3690F63819FA1181009CF5F7 /* Console */,
				3690F63B19FA1181009CF5F7 /* HUD */,
				3690F64019FA1181009CF5F7 /* NavigationController */,
				3690F64319FA1181009CF5F7 /* ProgressViews */,
			);
			path = M13ProgressSuite;
			sourceTree = "<group>";
		};
		3690F63819FA1181009CF5F7 /* Console */ = {
			isa = PBXGroup;
			children = (
				3690F63919FA1181009CF5F7 /* M13ProgressConsole.h */,
				3690F63A19FA1181009CF5F7 /* M13ProgressConsole.m */,
			);
			path = Console;
			sourceTree = "<group>";
		};
		3690F63B19FA1181009CF5F7 /* HUD */ = {
			isa = PBXGroup;
			children = (
				3690F63C19FA1181009CF5F7 /* M13ProgressHUD.h */,
				3690F63D19FA1181009CF5F7 /* M13ProgressHUD.m */,
				3690F63E19FA1181009CF5F7 /* UIImage+ImageEffects.h */,
				3690F63F19FA1181009CF5F7 /* UIImage+ImageEffects.m */,
			);
			path = HUD;
			sourceTree = "<group>";
		};
		3690F64019FA1181009CF5F7 /* NavigationController */ = {
			isa = PBXGroup;
			children = (
				3690F64119FA1181009CF5F7 /* UINavigationController+M13ProgressViewBar.h */,
				3690F64219FA1181009CF5F7 /* UINavigationController+M13ProgressViewBar.m */,
			);
			path = NavigationController;
			sourceTree = "<group>";
		};
		3690F64319FA1181009CF5F7 /* ProgressViews */ = {
			isa = PBXGroup;
			children = (
				3690F64419FA1181009CF5F7 /* M13ProgressView.h */,
				3690F64519FA1181009CF5F7 /* M13ProgressView.m */,
				3690F64619FA1181009CF5F7 /* M13ProgressViewBar.h */,
				3690F64719FA1181009CF5F7 /* M13ProgressViewBar.m */,
				3690F64819FA1181009CF5F7 /* M13ProgressViewBorderedBar.h */,
				3690F64919FA1181009CF5F7 /* M13ProgressViewBorderedBar.m */,
				3690F64A19FA1181009CF5F7 /* M13ProgressViewFilteredImage.h */,
				3690F64B19FA1181009CF5F7 /* M13ProgressViewFilteredImage.m */,
				3690F64C19FA1181009CF5F7 /* M13ProgressViewImage.h */,
				3690F64D19FA1181009CF5F7 /* M13ProgressViewImage.m */,
				3690F64E19FA1181009CF5F7 /* M13ProgressViewLetterpress.h */,
				3690F64F19FA1181009CF5F7 /* M13ProgressViewLetterpress.m */,
				3690F65019FA1181009CF5F7 /* M13ProgressViewMetro.h */,
				3690F65119FA1181009CF5F7 /* M13ProgressViewMetro.m */,
				3690F65219FA1181009CF5F7 /* M13ProgressViewMetroDotPolygon.h */,
				3690F65319FA1181009CF5F7 /* M13ProgressViewMetroDotPolygon.m */,
				3690F65419FA1181009CF5F7 /* M13ProgressViewPie.h */,
				3690F65519FA1181009CF5F7 /* M13ProgressViewPie.m */,
				3690F65619FA1181009CF5F7 /* M13ProgressViewRadiative.h */,
				3690F65719FA1181009CF5F7 /* M13ProgressViewRadiative.m */,
				3690F65819FA1181009CF5F7 /* M13ProgressViewRing.h */,
				3690F65919FA1181009CF5F7 /* M13ProgressViewRing.m */,
				3690F65A19FA1181009CF5F7 /* M13ProgressViewSegmentedBar.h */,
				3690F65B19FA1181009CF5F7 /* M13ProgressViewSegmentedBar.m */,
				3690F65C19FA1181009CF5F7 /* M13ProgressViewSegmentedRing.h */,
				3690F65D19FA1181009CF5F7 /* M13ProgressViewSegmentedRing.m */,
				3690F65E19FA1181009CF5F7 /* M13ProgressViewStripedBar.h */,
				3690F65F19FA1181009CF5F7 /* M13ProgressViewStripedBar.m */,
			);
			path = ProgressViews;
			sourceTree = "<group>";
		};
/* End PBXGroup section */

/* Begin PBXNativeTarget section */
		360990CC19F1A736004BC4AF /* Hypestream */ = {
			isa = PBXNativeTarget;
			buildConfigurationList = 360990EC19F1A736004BC4AF /* Build configuration list for PBXNativeTarget "Hypestream" */;
			buildPhases = (
				360990C919F1A736004BC4AF /* Sources */,
				360990CA19F1A736004BC4AF /* Frameworks */,
				360990CB19F1A736004BC4AF /* Resources */,
				3695C3D119F78EC700CB981F /* Copy Frameworks */,
			);
			buildRules = (
			);
			dependencies = (
			);
			name = Hypestream;
			productName = Hypestream;
			productReference = 360990CD19F1A736004BC4AF /* Hypestream.app */;
			productType = "com.apple.product-type.application";
		};
		360990E119F1A736004BC4AF /* HypestreamTests */ = {
			isa = PBXNativeTarget;
			buildConfigurationList = 360990EF19F1A736004BC4AF /* Build configuration list for PBXNativeTarget "HypestreamTests" */;
			buildPhases = (
				360990DE19F1A736004BC4AF /* Sources */,
				360990DF19F1A736004BC4AF /* Frameworks */,
				360990E019F1A736004BC4AF /* Resources */,
			);
			buildRules = (
			);
			dependencies = (
				360990E419F1A736004BC4AF /* PBXTargetDependency */,
			);
			name = HypestreamTests;
			productName = HypestreamTests;
			productReference = 360990E219F1A736004BC4AF /* HypestreamTests.xctest */;
			productType = "com.apple.product-type.bundle.unit-test";
		};
/* End PBXNativeTarget section */

/* Begin PBXProject section */
		360990C519F1A736004BC4AF /* Project object */ = {
			isa = PBXProject;
			attributes = {
				LastUpgradeCheck = 0600;
				ORGANIZATIONNAME = "Kestrel Development";
				TargetAttributes = {
					360990CC19F1A736004BC4AF = {
						CreatedOnToolsVersion = 6.0.1;
						SystemCapabilities = {
							com.apple.BackgroundModes = {
								enabled = 1;
							};
						};
					};
					360990E119F1A736004BC4AF = {
						CreatedOnToolsVersion = 6.0.1;
						TestTargetID = 360990CC19F1A736004BC4AF;
					};
				};
			};
			buildConfigurationList = 360990C819F1A736004BC4AF /* Build configuration list for PBXProject "Hypestream" */;
			compatibilityVersion = "Xcode 3.2";
			developmentRegion = English;
			hasScannedForEncodings = 0;
			knownRegions = (
				en,
				Base,
			);
			mainGroup = 360990C419F1A736004BC4AF;
			productRefGroup = 360990CE19F1A736004BC4AF /* Products */;
			projectDirPath = "";
			projectRoot = "";
			targets = (
				360990CC19F1A736004BC4AF /* Hypestream */,
				360990E119F1A736004BC4AF /* HypestreamTests */,
			);
		};
/* End PBXProject section */

/* Begin PBXResourcesBuildPhase section */
		360990CB19F1A736004BC4AF /* Resources */ = {
			isa = PBXResourcesBuildPhase;
			buildActionMask = 2147483647;
			files = (
				360990D819F1A736004BC4AF /* Main.storyboard in Resources */,
				3690F5EC19F9B24B009CF5F7 /* HypeTrackCell.xib in Resources */,
				360990DD19F1A736004BC4AF /* LaunchScreen.xib in Resources */,
				360990DA19F1A736004BC4AF /* Images.xcassets in Resources */,
			);
			runOnlyForDeploymentPostprocessing = 0;
		};
		360990E019F1A736004BC4AF /* Resources */ = {
			isa = PBXResourcesBuildPhase;
			buildActionMask = 2147483647;
			files = (
			);
			runOnlyForDeploymentPostprocessing = 0;
		};
/* End PBXResourcesBuildPhase section */

/* Begin PBXSourcesBuildPhase section */
		360990C919F1A736004BC4AF /* Sources */ = {
			isa = PBXSourcesBuildPhase;
			buildActionMask = 2147483647;
			files = (
				3690F66719FA1181009CF5F7 /* M13ProgressViewFilteredImage.m in Sources */,
				3690F66C19FA1181009CF5F7 /* M13ProgressViewPie.m in Sources */,
				36D96B3119F6AE5700E2BB92 /* Scraper.swift in Sources */,
				3690F66319FA1181009CF5F7 /* UINavigationController+M13ProgressViewBar.m in Sources */,
				3690F66819FA1181009CF5F7 /* M13ProgressViewImage.m in Sources */,
				360990D519F1A736004BC4AF /* DownloadsViewController.swift in Sources */,
				3690F66919FA1181009CF5F7 /* M13ProgressViewLetterpress.m in Sources */,
				3690F67119FA1181009CF5F7 /* M13ProgressViewStripedBar.m in Sources */,
				3690F66119FA1181009CF5F7 /* M13ProgressHUD.m in Sources */,
				3690F67019FA1181009CF5F7 /* M13ProgressViewSegmentedRing.m in Sources */,
				3690F66F19FA1181009CF5F7 /* M13ProgressViewSegmentedBar.m in Sources */,
				3690F66419FA1181009CF5F7 /* M13ProgressView.m in Sources */,
				36D96B3319F6B40200E2BB92 /* Helper.swift in Sources */,
				3690F66019FA1181009CF5F7 /* M13ProgressConsole.m in Sources */,
				3690F66D19FA1181009CF5F7 /* M13ProgressViewRadiative.m in Sources */,
				3690F66E19FA1181009CF5F7 /* M13ProgressViewRing.m in Sources */,
				3690F66219FA1181009CF5F7 /* UIImage+ImageEffects.m in Sources */,
				3690F5EE19F9B2D7009CF5F7 /* HypeTrackCell.swift in Sources */,
				3690F66B19FA1181009CF5F7 /* M13ProgressViewMetroDotPolygon.m in Sources */,
				3690F66619FA1181009CF5F7 /* M13ProgressViewBorderedBar.m in Sources */,
				3690F66519FA1181009CF5F7 /* M13ProgressViewBar.m in Sources */,
				36644DCC1A020390009FA2BB /* Hypestream.xcdatamodeld in Sources */,
				360990D319F1A736004BC4AF /* AppDelegate.swift in Sources */,
				36644DD31A020A4A009FA2BB /* Track.swift in Sources */,
				3690F66A19FA1181009CF5F7 /* M13ProgressViewMetro.m in Sources */,
				3651ED9519F43B9C00F94C28 /* json.swift in Sources */,
			);
			runOnlyForDeploymentPostprocessing = 0;
		};
		360990DE19F1A736004BC4AF /* Sources */ = {
			isa = PBXSourcesBuildPhase;
			buildActionMask = 2147483647;
			files = (
				360990E919F1A736004BC4AF /* HypestreamTests.swift in Sources */,
			);
			runOnlyForDeploymentPostprocessing = 0;
		};
/* End PBXSourcesBuildPhase section */

/* Begin PBXTargetDependency section */
		360990E419F1A736004BC4AF /* PBXTargetDependency */ = {
			isa = PBXTargetDependency;
			target = 360990CC19F1A736004BC4AF /* Hypestream */;
			targetProxy = 360990E319F1A736004BC4AF /* PBXContainerItemProxy */;
		};
/* End PBXTargetDependency section */

/* Begin PBXVariantGroup section */
		360990D619F1A736004BC4AF /* Main.storyboard */ = {
			isa = PBXVariantGroup;
			children = (
				360990D719F1A736004BC4AF /* Base */,
			);
			name = Main.storyboard;
			sourceTree = "<group>";
		};
		360990DB19F1A736004BC4AF /* LaunchScreen.xib */ = {
			isa = PBXVariantGroup;
			children = (
				360990DC19F1A736004BC4AF /* Base */,
			);
			name = LaunchScreen.xib;
			sourceTree = "<group>";
		};
/* End PBXVariantGroup section */

/* Begin XCBuildConfiguration section */
		360990EA19F1A736004BC4AF /* Debug */ = {
			isa = XCBuildConfiguration;
			buildSettings = {
				ALWAYS_SEARCH_USER_PATHS = NO;
				CLANG_CXX_LANGUAGE_STANDARD = "gnu++0x";
				CLANG_CXX_LIBRARY = "libc++";
				CLANG_ENABLE_MODULES = YES;
				CLANG_ENABLE_OBJC_ARC = YES;
				CLANG_WARN_BOOL_CONVERSION = YES;
				CLANG_WARN_CONSTANT_CONVERSION = YES;
				CLANG_WARN_DIRECT_OBJC_ISA_USAGE = YES_ERROR;
				CLANG_WARN_EMPTY_BODY = YES;
				CLANG_WARN_ENUM_CONVERSION = YES;
				CLANG_WARN_INT_CONVERSION = YES;
				CLANG_WARN_OBJC_ROOT_CLASS = YES_ERROR;
				CLANG_WARN_UNREACHABLE_CODE = YES;
				CLANG_WARN__DUPLICATE_METHOD_MATCH = YES;
				"CODE_SIGN_IDENTITY[sdk=iphoneos*]" = "iPhone Developer";
				COPY_PHASE_STRIP = NO;
				ENABLE_STRICT_OBJC_MSGSEND = YES;
				GCC_C_LANGUAGE_STANDARD = gnu99;
				GCC_DYNAMIC_NO_PIC = NO;
				GCC_OPTIMIZATION_LEVEL = 0;
				GCC_PREPROCESSOR_DEFINITIONS = (
					"DEBUG=1",
					"$(inherited)",
				);
				GCC_SYMBOLS_PRIVATE_EXTERN = NO;
				GCC_WARN_64_TO_32_BIT_CONVERSION = YES;
				GCC_WARN_ABOUT_RETURN_TYPE = YES_ERROR;
				GCC_WARN_UNDECLARED_SELECTOR = YES;
				GCC_WARN_UNINITIALIZED_AUTOS = YES_AGGRESSIVE;
				GCC_WARN_UNUSED_FUNCTION = YES;
				GCC_WARN_UNUSED_VARIABLE = YES;
				IPHONEOS_DEPLOYMENT_TARGET = 8.0;
				MTL_ENABLE_DEBUG_INFO = YES;
				ONLY_ACTIVE_ARCH = YES;
				SDKROOT = iphoneos;
				SWIFT_OPTIMIZATION_LEVEL = "-Onone";
			};
			name = Debug;
		};
		360990EB19F1A736004BC4AF /* Release */ = {
			isa = XCBuildConfiguration;
			buildSettings = {
				ALWAYS_SEARCH_USER_PATHS = NO;
				CLANG_CXX_LANGUAGE_STANDARD = "gnu++0x";
				CLANG_CXX_LIBRARY = "libc++";
				CLANG_ENABLE_MODULES = YES;
				CLANG_ENABLE_OBJC_ARC = YES;
				CLANG_WARN_BOOL_CONVERSION = YES;
				CLANG_WARN_CONSTANT_CONVERSION = YES;
				CLANG_WARN_DIRECT_OBJC_ISA_USAGE = YES_ERROR;
				CLANG_WARN_EMPTY_BODY = YES;
				CLANG_WARN_ENUM_CONVERSION = YES;
				CLANG_WARN_INT_CONVERSION = YES;
				CLANG_WARN_OBJC_ROOT_CLASS = YES_ERROR;
				CLANG_WARN_UNREACHABLE_CODE = YES;
				CLANG_WARN__DUPLICATE_METHOD_MATCH = YES;
				"CODE_SIGN_IDENTITY[sdk=iphoneos*]" = "iPhone Developer";
				COPY_PHASE_STRIP = YES;
				ENABLE_NS_ASSERTIONS = NO;
				ENABLE_STRICT_OBJC_MSGSEND = YES;
				GCC_C_LANGUAGE_STANDARD = gnu99;
				GCC_WARN_64_TO_32_BIT_CONVERSION = YES;
				GCC_WARN_ABOUT_RETURN_TYPE = YES_ERROR;
				GCC_WARN_UNDECLARED_SELECTOR = YES;
				GCC_WARN_UNINITIALIZED_AUTOS = YES_AGGRESSIVE;
				GCC_WARN_UNUSED_FUNCTION = YES;
				GCC_WARN_UNUSED_VARIABLE = YES;
				IPHONEOS_DEPLOYMENT_TARGET = 8.0;
				MTL_ENABLE_DEBUG_INFO = NO;
				SDKROOT = iphoneos;
				VALIDATE_PRODUCT = YES;
			};
			name = Release;
		};
		360990ED19F1A736004BC4AF /* Debug */ = {
			isa = XCBuildConfiguration;
			buildSettings = {
				ASSETCATALOG_COMPILER_APPICON_NAME = AppIcon;
				INFOPLIST_FILE = "Hypestream/Supporting Files/Info.plist";
				LD_RUNPATH_SEARCH_PATHS = "$(inherited) @executable_path/Frameworks";
				PRODUCT_NAME = "$(TARGET_NAME)";
				SWIFT_OBJC_BRIDGING_HEADER = "Hypestream/Supporting Files/Hypestream-Bridging-Header.h";
			};
			name = Debug;
		};
		360990EE19F1A736004BC4AF /* Release */ = {
			isa = XCBuildConfiguration;
			buildSettings = {
				ASSETCATALOG_COMPILER_APPICON_NAME = AppIcon;
				INFOPLIST_FILE = "Hypestream/Supporting Files/Info.plist";
				LD_RUNPATH_SEARCH_PATHS = "$(inherited) @executable_path/Frameworks";
				PRODUCT_NAME = "$(TARGET_NAME)";
				SWIFT_OBJC_BRIDGING_HEADER = "Hypestream/Supporting Files/Hypestream-Bridging-Header.h";
			};
			name = Release;
		};
		360990F019F1A736004BC4AF /* Debug */ = {
			isa = XCBuildConfiguration;
			buildSettings = {
				BUNDLE_LOADER = "$(TEST_HOST)";
				FRAMEWORK_SEARCH_PATHS = (
					"$(SDKROOT)/Developer/Library/Frameworks",
					"$(inherited)",
				);
				GCC_PREPROCESSOR_DEFINITIONS = (
					"DEBUG=1",
					"$(inherited)",
				);
				INFOPLIST_FILE = "HypestreamTests/Supporting Files/Info.plist";
				LD_RUNPATH_SEARCH_PATHS = "$(inherited) @executable_path/Frameworks @loader_path/Frameworks";
				PRODUCT_NAME = "$(TARGET_NAME)";
				TEST_HOST = "$(BUILT_PRODUCTS_DIR)/Hypestream.app/Hypestream";
			};
			name = Debug;
		};
		360990F119F1A736004BC4AF /* Release */ = {
			isa = XCBuildConfiguration;
			buildSettings = {
				BUNDLE_LOADER = "$(TEST_HOST)";
				FRAMEWORK_SEARCH_PATHS = (
					"$(SDKROOT)/Developer/Library/Frameworks",
					"$(inherited)",
				);
				INFOPLIST_FILE = "HypestreamTests/Supporting Files/Info.plist";
				LD_RUNPATH_SEARCH_PATHS = "$(inherited) @executable_path/Frameworks @loader_path/Frameworks";
				PRODUCT_NAME = "$(TARGET_NAME)";
				TEST_HOST = "$(BUILT_PRODUCTS_DIR)/Hypestream.app/Hypestream";
			};
			name = Release;
		};
/* End XCBuildConfiguration section */

/* Begin XCConfigurationList section */
		360990C819F1A736004BC4AF /* Build configuration list for PBXProject "Hypestream" */ = {
			isa = XCConfigurationList;
			buildConfigurations = (
				360990EA19F1A736004BC4AF /* Debug */,
				360990EB19F1A736004BC4AF /* Release */,
			);
			defaultConfigurationIsVisible = 0;
			defaultConfigurationName = Release;
		};
		360990EC19F1A736004BC4AF /* Build configuration list for PBXNativeTarget "Hypestream" */ = {
			isa = XCConfigurationList;
			buildConfigurations = (
				360990ED19F1A736004BC4AF /* Debug */,
				360990EE19F1A736004BC4AF /* Release */,
			);
			defaultConfigurationIsVisible = 0;
			defaultConfigurationName = Release;
		};
		360990EF19F1A736004BC4AF /* Build configuration list for PBXNativeTarget "HypestreamTests" */ = {
			isa = XCConfigurationList;
			buildConfigurations = (
				360990F019F1A736004BC4AF /* Debug */,
				360990F119F1A736004BC4AF /* Release */,
			);
			defaultConfigurationIsVisible = 0;
			defaultConfigurationName = Release;
		};
/* End XCConfigurationList section */

/* Begin XCVersionGroup section */
		36644DCA1A020390009FA2BB /* Hypestream.xcdatamodeld */ = {
			isa = XCVersionGroup;
			children = (
				36644DCB1A020390009FA2BB /* Hypestream.xcdatamodel */,
			);
			currentVersion = 36644DCB1A020390009FA2BB /* Hypestream.xcdatamodel */;
			path = Hypestream.xcdatamodeld;
			sourceTree = "<group>";
			versionGroupType = wrapper.xcdatamodel;
		};
/* End XCVersionGroup section */
	};
	rootObject = 360990C519F1A736004BC4AF /* Project object */;
}
